
Microsoft Visual Studio Solution File, Format Version 12.00
# Visual Studio Version 17
VisualStudioVersion = 17.5.002.0
MinimumVisualStudioVersion = 10.0.40219.1
Project("{9A19103F-16F7-4668-BE54-9A1E7A4F7556}") = "HealthChecks", "HealthChecks.csproj", "{B23D9476-290C-4611-8B33-2FD24B12DE6C}"
EndProject
Global
	GlobalSection(SolutionConfigurationPlatforms) = preSolution
		Debug|Any CPU = Debug|Any CPU
		Release|Any CPU = Release|Any CPU
	EndGlobalSection
	GlobalSection(ProjectConfigurationPlatforms) = postSolution
		{B23D9476-290C-4611-8B33-2FD24B12DE6C}.Debug|Any CPU.ActiveCfg = Debug|Any CPU
		{B23D9476-290C-4611-8B33-2FD24B12DE6C}.Debug|Any CPU.Build.0 = Debug|Any CPU
		{B23D9476-290C-4611-8B33-2FD24B12DE6C}.Release|Any CPU.ActiveCfg = Release|Any CPU
		{B23D9476-290C-4611-8B33-2FD24B12DE6C}.Release|Any CPU.Build.0 = Release|Any CPU
	EndGlobalSection
	GlobalSection(SolutionProperties) = preSolution
		HideSolutionNode = FALSE
	EndGlobalSection
	GlobalSection(ExtensibilityGlobals) = postSolution
		SolutionGuid = {A912B950-22AA-4A6A-8658-08C229BFD9E1}
	EndGlobalSection
EndGlobal
